// !$*UTF8*$!
{
	archiveVersion = 1;
	classes = {
	};
	objectVersion = 46;
	objects = {

/* Begin PBXBuildFile section */
		42676B481756E11400DF5ABA /* UIKit.framework in Frameworks */ = {isa = PBXBuildFile; fileRef = 42676B471756E11400DF5ABA /* UIKit.framework */; };
		42676B4A1756E11400DF5ABA /* Foundation.framework in Frameworks */ = {isa = PBXBuildFile; fileRef = 42676B491756E11400DF5ABA /* Foundation.framework */; };
		42676B4C1756E11400DF5ABA /* CoreGraphics.framework in Frameworks */ = {isa = PBXBuildFile; fileRef = 42676B4B1756E11400DF5ABA /* CoreGraphics.framework */; };
		42676B521756E11400DF5ABA /* InfoPlist.strings in Resources */ = {isa = PBXBuildFile; fileRef = 42676B501756E11400DF5ABA /* InfoPlist.strings */; };
		42676B541756E11400DF5ABA /* main.m in Sources */ = {isa = PBXBuildFile; fileRef = 42676B531756E11400DF5ABA /* main.m */; };
		42676B581756E11400DF5ABA /* AB1AppDelegate.m in Sources */ = {isa = PBXBuildFile; fileRef = 42676B571756E11400DF5ABA /* AB1AppDelegate.m */; };
		42676B5A1756E11400DF5ABA /* Default.png in Resources */ = {isa = PBXBuildFile; fileRef = 42676B591756E11400DF5ABA /* Default.png */; };
		42676B5C1756E11400DF5ABA /* Default@2x.png in Resources */ = {isa = PBXBuildFile; fileRef = 42676B5B1756E11400DF5ABA /* Default@2x.png */; };
		42676B5E1756E11400DF5ABA /* Default-568h@2x.png in Resources */ = {isa = PBXBuildFile; fileRef = 42676B5D1756E11400DF5ABA /* Default-568h@2x.png */; };
		42676B661756E5E000DF5ABA /* AB1ViewController.m in Sources */ = {isa = PBXBuildFile; fileRef = 42676B651756E5E000DF5ABA /* AB1ViewController.m */; };
		42676B691756E9CF00DF5ABA /* AB1DrawView.m in Sources */ = {isa = PBXBuildFile; fileRef = 42676B681756E9CF00DF5ABA /* AB1DrawView.m */; };
		42676B6C1756EB1F00DF5ABA /* AB1ComponentPicker.m in Sources */ = {isa = PBXBuildFile; fileRef = 42676B6B1756EB1F00DF5ABA /* AB1ComponentPicker.m */; };
		42676B6F1756EB6400DF5ABA /* BNRItemStore.m in Sources */ = {isa = PBXBuildFile; fileRef = 42676B6E1756EB6400DF5ABA /* BNRItemStore.m */; };
		4293D3391758FD8F00B75D10 /* CoreData.framework in Frameworks */ = {isa = PBXBuildFile; fileRef = 4293D3381758FD8F00B75D10 /* CoreData.framework */; };
		4293D33D1758FDF100B75D10 /* Logickaker.xcdatamodeld in Sources */ = {isa = PBXBuildFile; fileRef = 4293D33B1758FDF100B75D10 /* Logickaker.xcdatamodeld */; };
		4293D3431759086100B75D10 /* AB1ComponentCircuit.m in Sources */ = {isa = PBXBuildFile; fileRef = 4293D3421759086100B75D10 /* AB1ComponentCircuit.m */; };
		4293D34517590CF900B75D10 /* QuartzCore.framework in Frameworks */ = {isa = PBXBuildFile; fileRef = 4293D34417590CF900B75D10 /* QuartzCore.framework */; };
/* End PBXBuildFile section */

/* Begin PBXFileReference section */
		42676B431756E11400DF5ABA /* Logickaker.app */ = {isa = PBXFileReference; explicitFileType = wrapper.application; includeInIndex = 0; path = Logickaker.app; sourceTree = BUILT_PRODUCTS_DIR; };
		42676B471756E11400DF5ABA /* UIKit.framework */ = {isa = PBXFileReference; lastKnownFileType = wrapper.framework; name = UIKit.framework; path = System/Library/Frameworks/UIKit.framework; sourceTree = SDKROOT; };
		42676B491756E11400DF5ABA /* Foundation.framework */ = {isa = PBXFileReference; lastKnownFileType = wrapper.framework; name = Foundation.framework; path = System/Library/Frameworks/Foundation.framework; sourceTree = SDKROOT; };
		42676B4B1756E11400DF5ABA /* CoreGraphics.framework */ = {isa = PBXFileReference; lastKnownFileType = wrapper.framework; name = CoreGraphics.framework; path = System/Library/Frameworks/CoreGraphics.framework; sourceTree = SDKROOT; };
		42676B4F1756E11400DF5ABA /* Logickaker-Info.plist */ = {isa = PBXFileReference; lastKnownFileType = text.plist.xml; path = "Logickaker-Info.plist"; sourceTree = "<group>"; };
		42676B511756E11400DF5ABA /* en */ = {isa = PBXFileReference; lastKnownFileType = text.plist.strings; name = en; path = en.lproj/InfoPlist.strings; sourceTree = "<group>"; };
		42676B531756E11400DF5ABA /* main.m */ = {isa = PBXFileReference; lastKnownFileType = sourcecode.c.objc; path = main.m; sourceTree = "<group>"; };
		42676B551756E11400DF5ABA /* Logickaker-Prefix.pch */ = {isa = PBXFileReference; lastKnownFileType = sourcecode.c.h; path = "Logickaker-Prefix.pch"; sourceTree = "<group>"; };
		42676B561756E11400DF5ABA /* AB1AppDelegate.h */ = {isa = PBXFileReference; lastKnownFileType = sourcecode.c.h; path = AB1AppDelegate.h; sourceTree = "<group>"; };
		42676B571756E11400DF5ABA /* AB1AppDelegate.m */ = {isa = PBXFileReference; lastKnownFileType = sourcecode.c.objc; path = AB1AppDelegate.m; sourceTree = "<group>"; };
		42676B591756E11400DF5ABA /* Default.png */ = {isa = PBXFileReference; lastKnownFileType = image.png; path = Default.png; sourceTree = "<group>"; };
		42676B5B1756E11400DF5ABA /* Default@2x.png */ = {isa = PBXFileReference; lastKnownFileType = image.png; path = "Default@2x.png"; sourceTree = "<group>"; };
		42676B5D1756E11400DF5ABA /* Default-568h@2x.png */ = {isa = PBXFileReference; lastKnownFileType = image.png; path = "Default-568h@2x.png"; sourceTree = "<group>"; };
		42676B641756E5AD00DF5ABA /* AB1ViewController.h */ = {isa = PBXFileReference; fileEncoding = 4; lastKnownFileType = sourcecode.c.h; path = AB1ViewController.h; sourceTree = "<group>"; };
		42676B651756E5E000DF5ABA /* AB1ViewController.m */ = {isa = PBXFileReference; fileEncoding = 4; lastKnownFileType = sourcecode.c.objc; path = AB1ViewController.m; sourceTree = "<group>"; };
		42676B671756E9B900DF5ABA /* AB1DrawView.h */ = {isa = PBXFileReference; fileEncoding = 4; lastKnownFileType = sourcecode.c.h; path = AB1DrawView.h; sourceTree = "<group>"; };
		42676B681756E9CF00DF5ABA /* AB1DrawView.m */ = {isa = PBXFileReference; fileEncoding = 4; lastKnownFileType = sourcecode.c.objc; path = AB1DrawView.m; sourceTree = "<group>"; };
		42676B6A1756EB1F00DF5ABA /* AB1ComponentPicker.h */ = {isa = PBXFileReference; fileEncoding = 4; lastKnownFileType = sourcecode.c.h; path = AB1ComponentPicker.h; sourceTree = "<group>"; };
		42676B6B1756EB1F00DF5ABA /* AB1ComponentPicker.m */ = {isa = PBXFileReference; fileEncoding = 4; lastKnownFileType = sourcecode.c.objc; path = AB1ComponentPicker.m; sourceTree = "<group>"; };
		42676B6D1756EB6400DF5ABA /* BNRItemStore.h */ = {isa = PBXFileReference; fileEncoding = 4; lastKnownFileType = sourcecode.c.h; path = BNRItemStore.h; sourceTree = "<group>"; };
		42676B6E1756EB6400DF5ABA /* BNRItemStore.m */ = {isa = PBXFileReference; fileEncoding = 4; lastKnownFileType = sourcecode.c.objc; path = BNRItemStore.m; sourceTree = "<group>"; };
		4293D3381758FD8F00B75D10 /* CoreData.framework */ = {isa = PBXFileReference; lastKnownFileType = wrapper.framework; name = CoreData.framework; path = System/Library/Frameworks/CoreData.framework; sourceTree = SDKROOT; };
		4293D33C1758FDF100B75D10 /* Logickaker.xcdatamodel */ = {isa = PBXFileReference; lastKnownFileType = wrapper.xcdatamodel; path = Logickaker.xcdatamodel; sourceTree = "<group>"; };
		4293D3411759086100B75D10 /* AB1ComponentCircuit.h */ = {isa = PBXFileReference; fileEncoding = 4; lastKnownFileType = sourcecode.c.h; path = AB1ComponentCircuit.h; sourceTree = "<group>"; };
		4293D3421759086100B75D10 /* AB1ComponentCircuit.m */ = {isa = PBXFileReference; fileEncoding = 4; lastKnownFileType = sourcecode.c.objc; path = AB1ComponentCircuit.m; sourceTree = "<group>"; };
		4293D34417590CF900B75D10 /* QuartzCore.framework */ = {isa = PBXFileReference; lastKnownFileType = wrapper.framework; name = QuartzCore.framework; path = System/Library/Frameworks/QuartzCore.framework; sourceTree = SDKROOT; };
/* End PBXFileReference section */

/* Begin PBXFrameworksBuildPhase section */
		42676B401756E11400DF5ABA /* Frameworks */ = {
			isa = PBXFrameworksBuildPhase;
			buildActionMask = 2147483647;
			files = (
				4293D34517590CF900B75D10 /* QuartzCore.framework in Frameworks */,
				4293D3391758FD8F00B75D10 /* CoreData.framework in Frameworks */,
				42676B481756E11400DF5ABA /* UIKit.framework in Frameworks */,
				42676B4A1756E11400DF5ABA /* Foundation.framework in Frameworks */,
				42676B4C1756E11400DF5ABA /* CoreGraphics.framework in Frameworks */,
			);
			runOnlyForDeploymentPostprocessing = 0;
		};
/* End PBXFrameworksBuildPhase section */

/* Begin PBXGroup section */
		42676B381756E11400DF5ABA = {
			isa = PBXGroup;
			children = (
				4293D34417590CF900B75D10 /* QuartzCore.framework */,
				4293D3411759086100B75D10 /* AB1ComponentCircuit.h */,
				4293D3421759086100B75D10 /* AB1ComponentCircuit.m */,
				4293D3381758FD8F00B75D10 /* CoreData.framework */,
				42676B4D1756E11400DF5ABA /* Logickaker */,
				42676B461756E11400DF5ABA /* Frameworks */,
				42676B441756E11400DF5ABA /* Products */,
			);
			sourceTree = "<group>";
		};
		42676B441756E11400DF5ABA /* Products */ = {
			isa = PBXGroup;
			children = (
				42676B431756E11400DF5ABA /* Logickaker.app */,
			);
			name = Products;
			sourceTree = "<group>";
		};
		42676B461756E11400DF5ABA /* Frameworks */ = {
			isa = PBXGroup;
			children = (
				42676B471756E11400DF5ABA /* UIKit.framework */,
				42676B491756E11400DF5ABA /* Foundation.framework */,
				42676B4B1756E11400DF5ABA /* CoreGraphics.framework */,
			);
			name = Frameworks;
			sourceTree = "<group>";
		};
		42676B4D1756E11400DF5ABA /* Logickaker */ = {
			isa = PBXGroup;
			children = (
				42676B681756E9CF00DF5ABA /* AB1DrawView.m */,
				42676B671756E9B900DF5ABA /* AB1DrawView.h */,
				42676B561756E11400DF5ABA /* AB1AppDelegate.h */,
				42676B571756E11400DF5ABA /* AB1AppDelegate.m */,
				42676B651756E5E000DF5ABA /* AB1ViewController.m */,
				42676B6D1756EB6400DF5ABA /* BNRItemStore.h */,
				42676B6E1756EB6400DF5ABA /* BNRItemStore.m */,
				42676B6A1756EB1F00DF5ABA /* AB1ComponentPicker.h */,
				42676B6B1756EB1F00DF5ABA /* AB1ComponentPicker.m */,
				42676B641756E5AD00DF5ABA /* AB1ViewController.h */,
				42676B4E1756E11400DF5ABA /* Supporting Files */,
				4293D33B1758FDF100B75D10 /* Logickaker.xcdatamodeld */,
			);
			path = Logickaker;
			sourceTree = "<group>";
		};
		42676B4E1756E11400DF5ABA /* Supporting Files */ = {
			isa = PBXGroup;
			children = (
				42676B4F1756E11400DF5ABA /* Logickaker-Info.plist */,
				42676B501756E11400DF5ABA /* InfoPlist.strings */,
				42676B531756E11400DF5ABA /* main.m */,
				42676B551756E11400DF5ABA /* Logickaker-Prefix.pch */,
				42676B591756E11400DF5ABA /* Default.png */,
				42676B5B1756E11400DF5ABA /* Default@2x.png */,
				42676B5D1756E11400DF5ABA /* Default-568h@2x.png */,
			);
			name = "Supporting Files";
			sourceTree = "<group>";
		};
/* End PBXGroup section */

/* Begin PBXNativeTarget section */
		42676B421756E11400DF5ABA /* Logickaker */ = {
			isa = PBXNativeTarget;
			buildConfigurationList = 42676B611756E11400DF5ABA /* Build configuration list for PBXNativeTarget "Logickaker" */;
			buildPhases = (
				42676B3F1756E11400DF5ABA /* Sources */,
				42676B401756E11400DF5ABA /* Frameworks */,
				42676B411756E11400DF5ABA /* Resources */,
			);
			buildRules = (
			);
			dependencies = (
			);
			name = Logickaker;
			productName = Logickaker;
			productReference = 42676B431756E11400DF5ABA /* Logickaker.app */;
			productType = "com.apple.product-type.application";
		};
/* End PBXNativeTarget section */

/* Begin PBXProject section */
		42676B3A1756E11400DF5ABA /* Project object */ = {
			isa = PBXProject;
			attributes = {
				CLASSPREFIX = AB1;
				LastUpgradeCheck = 0450;
				ORGANIZATIONNAME = "American University";
			};
			buildConfigurationList = 42676B3D1756E11400DF5ABA /* Build configuration list for PBXProject "Logickaker" */;
			compatibilityVersion = "Xcode 3.2";
			developmentRegion = English;
			hasScannedForEncodings = 0;
			knownRegions = (
				en,
			);
			mainGroup = 42676B381756E11400DF5ABA;
			productRefGroup = 42676B441756E11400DF5ABA /* Products */;
			projectDirPath = "";
			projectRoot = "";
			targets = (
				42676B421756E11400DF5ABA /* Logickaker */,
			);
		};
/* End PBXProject section */

/* Begin PBXResourcesBuildPhase section */
		42676B411756E11400DF5ABA /* Resources */ = {
			isa = PBXResourcesBuildPhase;
			buildActionMask = 2147483647;
			files = (
				42676B521756E11400DF5ABA /* InfoPlist.strings in Resources */,
				42676B5A1756E11400DF5ABA /* Default.png in Resources */,
				42676B5C1756E11400DF5ABA /* Default@2x.png in Resources */,
				42676B5E1756E11400DF5ABA /* Default-568h@2x.png in Resources */,
			);
			runOnlyForDeploymentPostprocessing = 0;
		};
/* End PBXResourcesBuildPhase section */

/* Begin PBXSourcesBuildPhase section */
		42676B3F1756E11400DF5ABA /* Sources */ = {
			isa = PBXSourcesBuildPhase;
			buildActionMask = 2147483647;
			files = (
				42676B541756E11400DF5ABA /* main.m in Sources */,
				42676B581756E11400DF5ABA /* AB1AppDelegate.m in Sources */,
				42676B661756E5E000DF5ABA /* AB1ViewController.m in Sources */,
				42676B691756E9CF00DF5ABA /* AB1DrawView.m in Sources */,
				42676B6C1756EB1F00DF5ABA /* AB1ComponentPicker.m in Sources */,
				42676B6F1756EB6400DF5ABA /* BNRItemStore.m in Sources */,
				4293D33D1758FDF100B75D10 /* Logickaker.xcdatamodeld in Sources */,
				4293D3431759086100B75D10 /* AB1ComponentCircuit.m in Sources */,
			);
			runOnlyForDeploymentPostprocessing = 0;
		};
/* End PBXSourcesBuildPhase section */

/* Begin PBXVariantGroup section */
		42676B501756E11400DF5ABA /* InfoPlist.strings */ = {
			isa = PBXVariantGroup;
			children = (
				42676B511756E11400DF5ABA /* en */,
			);
			name = InfoPlist.strings;
			sourceTree = "<group>";
		};
/* End PBXVariantGroup section */

/* Begin XCBuildConfiguration section */
		42676B5F1756E11400DF5ABA /* Debug */ = {
			isa = XCBuildConfiguration;
			buildSettings = {
				ALWAYS_SEARCH_USER_PATHS = NO;
				CLANG_CXX_LANGUAGE_STANDARD = "gnu++0x";
				CLANG_CXX_LIBRARY = "libc++";
				CLANG_ENABLE_OBJC_ARC = YES;
				CLANG_WARN_EMPTY_BODY = YES;
				CLANG_WARN__DUPLICATE_METHOD_MATCH = YES;
				"CODE_SIGN_IDENTITY[sdk=iphoneos*]" = "iPhone Developer";
				COPY_PHASE_STRIP = NO;
				GCC_C_LANGUAGE_STANDARD = gnu99;
				GCC_DYNAMIC_NO_PIC = NO;
				GCC_OPTIMIZATION_LEVEL = 0;
				GCC_PREPROCESSOR_DEFINITIONS = (
					"DEBUG=1",
					"$(inherited)",
				);
				GCC_SYMBOLS_PRIVATE_EXTERN = NO;
				GCC_WARN_ABOUT_RETURN_TYPE = YES;
				GCC_WARN_UNINITIALIZED_AUTOS = YES;
				GCC_WARN_UNUSED_VARIABLE = YES;
				IPHONEOS_DEPLOYMENT_TARGET = 6.0;
				ONLY_ACTIVE_ARCH = YES;
				SDKROOT = iphoneos;
			};
			name = Debug;
		};
		42676B601756E11400DF5ABA /* Release */ = {
			isa = XCBuildConfiguration;
			buildSettings = {
				ALWAYS_SEARCH_USER_PATHS = NO;
				CLANG_CXX_LANGUAGE_STANDARD = "gnu++0x";
				CLANG_CXX_LIBRARY = "libc++";
				CLANG_ENABLE_OBJC_ARC = YES;
				CLANG_WARN_EMPTY_BODY = YES;
				CLANG_WARN__DUPLICATE_METHOD_MATCH = YES;
				"CODE_SIGN_IDENTITY[sdk=iphoneos*]" = "iPhone Developer";
				COPY_PHASE_STRIP = YES;
				GCC_C_LANGUAGE_STANDARD = gnu99;
				GCC_WARN_ABOUT_RETURN_TYPE = YES;
				GCC_WARN_UNINITIALIZED_AUTOS = YES;
				GCC_WARN_UNUSED_VARIABLE = YES;
				IPHONEOS_DEPLOYMENT_TARGET = 6.0;
				OTHER_CFLAGS = "-DNS_BLOCK_ASSERTIONS=1";
				SDKROOT = iphoneos;
				VALIDATE_PRODUCT = YES;
			};
			name = Release;
		};
		42676B621756E11400DF5ABA /* Debug */ = {
			isa = XCBuildConfiguration;
			buildSettings = {
				GCC_PRECOMPILE_PREFIX_HEADER = YES;
				GCC_PREFIX_HEADER = "Logickaker/Logickaker-Prefix.pch";
				INFOPLIST_FILE = "Logickaker/Logickaker-Info.plist";
				PRODUCT_NAME = "$(TARGET_NAME)";
				WRAPPER_EXTENSION = app;
			};
			name = Debug;
		};
		42676B631756E11400DF5ABA /* Release */ = {
			isa = XCBuildConfiguration;
			buildSettings = {
				GCC_PRECOMPILE_PREFIX_HEADER = YES;
				GCC_PREFIX_HEADER = "Logickaker/Logickaker-Prefix.pch";
				INFOPLIST_FILE = "Logickaker/Logickaker-Info.plist";
				PRODUCT_NAME = "$(TARGET_NAME)";
				WRAPPER_EXTENSION = app;
			};
			name = Release;
		};
/* End XCBuildConfiguration section */

/* Begin XCConfigurationList section */
		42676B3D1756E11400DF5ABA /* Build configuration list for PBXProject "Logickaker" */ = {
			isa = XCConfigurationList;
			buildConfigurations = (
				42676B5F1756E11400DF5ABA /* Debug */,
				42676B601756E11400DF5ABA /* Release */,
			);
			defaultConfigurationIsVisible = 0;
			defaultConfigurationName = Release;
		};
		42676B611756E11400DF5ABA /* Build configuration list for PBXNativeTarget "Logickaker" */ = {
			isa = XCConfigurationList;
			buildConfigurations = (
				42676B621756E11400DF5ABA /* Debug */,
				42676B631756E11400DF5ABA /* Release */,
			);
			defaultConfigurationIsVisible = 0;
			defaultConfigurationName = Release;
		};
/* End XCConfigurationList section */

/* Begin XCVersionGroup section */
		4293D33B1758FDF100B75D10 /* Logickaker.xcdatamodeld */ = {
			isa = XCVersionGroup;
			children = (
				4293D33C1758FDF100B75D10 /* Logickaker.xcdatamodel */,
			);
			currentVersion = 4293D33C1758FDF100B75D10 /* Logickaker.xcdatamodel */;
			path = Logickaker.xcdatamodeld;
			sourceTree = "<group>";
			versionGroupType = wrapper.xcdatamodel;
		};
/* End XCVersionGroup section */
	};
	rootObject = 42676B3A1756E11400DF5ABA /* Project object */;
}
